
Microsoft Visual Studio Solution File, Format Version 12.00
# Visual Studio Version 17
VisualStudioVersion = 17.5.33516.290
MinimumVisualStudioVersion = 10.0.40219.1
Project("{9A19103F-16F7-4668-BE54-9A1E7A4F7556}") = "ComicBookStore", "ComicBookStore.csproj", "{45718EA6-9D1D-4516-A8C5-99E2F3E277ED}"
EndProject
Global
	GlobalSection(SolutionConfigurationPlatforms) = preSolution
		Debug|Any CPU = Debug|Any CPU
		Release|Any CPU = Release|Any CPU
	EndGlobalSection
	GlobalSection(ProjectConfigurationPlatforms) = postSolution
		{45718EA6-9D1D-4516-A8C5-99E2F3E277ED}.Debug|Any CPU.ActiveCfg = Debug|Any CPU
		{45718EA6-9D1D-4516-A8C5-99E2F3E277ED}.Debug|Any CPU.Build.0 = Debug|Any CPU
		{45718EA6-9D1D-4516-A8C5-99E2F3E277ED}.Release|Any CPU.ActiveCfg = Release|Any CPU
		{45718EA6-9D1D-4516-A8C5-99E2F3E277ED}.Release|Any CPU.Build.0 = Release|Any CPU
	EndGlobalSection
	GlobalSection(SolutionProperties) = preSolution
		HideSolutionNode = FALSE
	EndGlobalSection
	GlobalSection(ExtensibilityGlobals) = postSolution
		SolutionGuid = {1AB0CE9C-9048-41A3-BADE-20CB688DB347}
	EndGlobalSection
EndGlobal
